// !$*UTF8*$!
{
	archiveVersion = 1;
	classes = {
	};
	objectVersion = 46;
	objects = {

/* Begin PBXBuildFile section */
		FD0D0F201C0A31BC00EAF02A /* Heartverses.xcdatamodeld in Sources */ = {isa = PBXBuildFile; fileRef = FD0D0F1E1C0A31BC00EAF02A /* Heartverses.xcdatamodeld */; };
		FD0D0F311C0A387400EAF02A /* main.swift in Sources */ = {isa = PBXBuildFile; fileRef = FD0D0F301C0A387400EAF02A /* main.swift */; };
		FD0EFD891C52E21C00BC83A6 /* Heartverses.sqlite-shm in Resources */ = {isa = PBXBuildFile; fileRef = FD0EFD871C52E21C00BC83A6 /* Heartverses.sqlite-shm */; };
		FD0EFD8A1C52E21C00BC83A6 /* Heartverses.sqlite-wal in Resources */ = {isa = PBXBuildFile; fileRef = FD0EFD881C52E21C00BC83A6 /* Heartverses.sqlite-wal */; };
		FD0EFD8C1C55756900BC83A6 /* Settings.bundle in Resources */ = {isa = PBXBuildFile; fileRef = FD0EFD8B1C55756900BC83A6 /* Settings.bundle */; };
		FD0EFD8E1C56BC3300BC83A6 /* IntroductionViewController.swift in Sources */ = {isa = PBXBuildFile; fileRef = FD0EFD8D1C56BC3300BC83A6 /* IntroductionViewController.swift */; };
		FD79BAE51C1BC45A00266A5A /* UserVerse+CoreDataProperties.swift in Sources */ = {isa = PBXBuildFile; fileRef = FD79BAE21C1BC45A00266A5A /* UserVerse+CoreDataProperties.swift */; };
		FD79BAE61C1BC45A00266A5A /* UserVerse.swift in Sources */ = {isa = PBXBuildFile; fileRef = FD79BAE31C1BC45A00266A5A /* UserVerse.swift */; };
		FD79BAE71C1BC45A00266A5A /* UserPassage+CoreDataProperties.swift in Sources */ = {isa = PBXBuildFile; fileRef = FD79BAE41C1BC45A00266A5A /* UserPassage+CoreDataProperties.swift */; };
		FD79BAE91C1BC4B600266A5A /* UserPassage.swift in Sources */ = {isa = PBXBuildFile; fileRef = FD79BAE81C1BC4B600266A5A /* UserPassage.swift */; };
		FD8180FE1C0A3ACD008AF2BA /* HeartversesStore.swift in Sources */ = {isa = PBXBuildFile; fileRef = FD8180FD1C0A3ACD008AF2BA /* HeartversesStore.swift */; };
		FD8180FF1C0A3ACD008AF2BA /* HeartversesStore.swift in Sources */ = {isa = PBXBuildFile; fileRef = FD8180FD1C0A3ACD008AF2BA /* HeartversesStore.swift */; };
		FD8181001C0A3D43008AF2BA /* Heartverses.xcdatamodeld in Sources */ = {isa = PBXBuildFile; fileRef = FD0D0F1E1C0A31BC00EAF02A /* Heartverses.xcdatamodeld */; };
		FD960EE51C17C7790007A096 /* SwiftyJSON.swift in Sources */ = {isa = PBXBuildFile; fileRef = FD960EE41C17C7790007A096 /* SwiftyJSON.swift */; };
		FD960EE71C17C9790007A096 /* PassageParser.swift in Sources */ = {isa = PBXBuildFile; fileRef = FD960EE61C17C9790007A096 /* PassageParser.swift */; };
		FD960EE91C17CEFE0007A096 /* Passage.swift in Sources */ = {isa = PBXBuildFile; fileRef = FD960EE81C17CEFE0007A096 /* Passage.swift */; };
		FDAFD8FB1C2C585A002F4FF5 /* PassageCell.swift in Sources */ = {isa = PBXBuildFile; fileRef = FDAFD8FA1C2C585A002F4FF5 /* PassageCell.swift */; };
		FDAFD8FE1C2DAB1C002F4FF5 /* VerseHelper.swift in Sources */ = {isa = PBXBuildFile; fileRef = FDAFD8FD1C2DAB1C002F4FF5 /* VerseHelper.swift */; };
		FDB61B8D1BF533D800F8C61D /* AppDelegate.swift in Sources */ = {isa = PBXBuildFile; fileRef = FDB61B8C1BF533D800F8C61D /* AppDelegate.swift */; };
		FDB61B8F1BF533D800F8C61D /* VersePracticeController.swift in Sources */ = {isa = PBXBuildFile; fileRef = FDB61B8E1BF533D800F8C61D /* VersePracticeController.swift */; };
		FDB61B921BF533D800F8C61D /* Main.storyboard in Resources */ = {isa = PBXBuildFile; fileRef = FDB61B901BF533D800F8C61D /* Main.storyboard */; };
		FDB61B951BF533D800F8C61D /* Verses.xcdatamodeld in Sources */ = {isa = PBXBuildFile; fileRef = FDB61B931BF533D800F8C61D /* Verses.xcdatamodeld */; };
		FDB61B971BF533D800F8C61D /* Assets.xcassets in Resources */ = {isa = PBXBuildFile; fileRef = FDB61B961BF533D800F8C61D /* Assets.xcassets */; };
		FDB61BA51BF533D800F8C61D /* VersesTests.swift in Sources */ = {isa = PBXBuildFile; fileRef = FDB61BA41BF533D800F8C61D /* VersesTests.swift */; };
		FDB61BB01BF533D800F8C61D /* VersesUITests.swift in Sources */ = {isa = PBXBuildFile; fileRef = FDB61BAF1BF533D800F8C61D /* VersesUITests.swift */; };
		FDB61BBE1BF5410000F8C61D /* VersesIndexController.swift in Sources */ = {isa = PBXBuildFile; fileRef = FDB61BBD1BF5410000F8C61D /* VersesIndexController.swift */; };
		FDB61BC01BF5457E00F8C61D /* AddVerseController.swift in Sources */ = {isa = PBXBuildFile; fileRef = FDB61BBF1BF5457E00F8C61D /* AddVerseController.swift */; };
		FDC7AE351C1F826200C5BDAC /* Heartverses.sqlite in Resources */ = {isa = PBXBuildFile; fileRef = FDD3BC2D1C16251A00616976 /* Heartverses.sqlite */; };
		FDCEE2121C45B3FB00792D8B /* PracticeViewConstraintsHelperTests.swift in Sources */ = {isa = PBXBuildFile; fileRef = FDCEE2111C45B3FB00792D8B /* PracticeViewConstraintsHelperTests.swift */; };
		FDD3BC301C16263B00616976 /* HeartversesAPI.swift in Sources */ = {isa = PBXBuildFile; fileRef = FDD3BC2F1C16263B00616976 /* HeartversesAPI.swift */; };
		FDDF4EC51C459EEC00B2A831 /* PracticeViewConstraintsHelper.swift in Sources */ = {isa = PBXBuildFile; fileRef = FDDF4EC41C459EEC00B2A831 /* PracticeViewConstraintsHelper.swift */; };
/* End PBXBuildFile section */

/* Begin PBXContainerItemProxy section */
		FDB61BA11BF533D800F8C61D /* PBXContainerItemProxy */ = {
			isa = PBXContainerItemProxy;
			containerPortal = FDB61B811BF533D800F8C61D /* Project object */;
			proxyType = 1;
			remoteGlobalIDString = FDB61B881BF533D800F8C61D;
			remoteInfo = Verses;
		};
		FDB61BAC1BF533D800F8C61D /* PBXContainerItemProxy */ = {
			isa = PBXContainerItemProxy;
			containerPortal = FDB61B811BF533D800F8C61D /* Project object */;
			proxyType = 1;
			remoteGlobalIDString = FDB61B881BF533D800F8C61D;
			remoteInfo = Verses;
		};
/* End PBXContainerItemProxy section */

/* Begin PBXCopyFilesBuildPhase section */
		FD0D0F2C1C0A387400EAF02A /* CopyFiles */ = {
			isa = PBXCopyFilesBuildPhase;
			buildActionMask = 2147483647;
			dstPath = usr/share/man/man1;
			dstSubfolderSpec = 16;
			files = (
			);
			runOnlyForDeploymentPostprocessing = 1;
		};
/* End PBXCopyFilesBuildPhase section */

/* Begin PBXFileReference section */
		FD0D0F1F1C0A31BC00EAF02A /* Heartverses.xcdatamodel */ = {isa = PBXFileReference; lastKnownFileType = wrapper.xcdatamodel; path = Heartverses.xcdatamodel; sourceTree = "<group>"; };
		FD0D0F2E1C0A387400EAF02A /* VersesSeed */ = {isa = PBXFileReference; explicitFileType = "compiled.mach-o.executable"; includeInIndex = 0; path = VersesSeed; sourceTree = BUILT_PRODUCTS_DIR; };
		FD0D0F301C0A387400EAF02A /* main.swift */ = {isa = PBXFileReference; lastKnownFileType = sourcecode.swift; path = main.swift; sourceTree = "<group>"; };
		FD0EFD871C52E21C00BC83A6 /* Heartverses.sqlite-shm */ = {isa = PBXFileReference; lastKnownFileType = file; path = "Heartverses.sqlite-shm"; sourceTree = "<group>"; };
		FD0EFD881C52E21C00BC83A6 /* Heartverses.sqlite-wal */ = {isa = PBXFileReference; lastKnownFileType = file; path = "Heartverses.sqlite-wal"; sourceTree = "<group>"; };
		FD0EFD8B1C55756900BC83A6 /* Settings.bundle */ = {isa = PBXFileReference; lastKnownFileType = "wrapper.plug-in"; name = Settings.bundle; path = Verses/Settings.bundle; sourceTree = "<group>"; };
		FD0EFD8D1C56BC3300BC83A6 /* IntroductionViewController.swift */ = {isa = PBXFileReference; fileEncoding = 4; lastKnownFileType = sourcecode.swift; path = IntroductionViewController.swift; sourceTree = "<group>"; };
		FD79BAE21C1BC45A00266A5A /* UserVerse+CoreDataProperties.swift */ = {isa = PBXFileReference; fileEncoding = 4; lastKnownFileType = sourcecode.swift; path = "UserVerse+CoreDataProperties.swift"; sourceTree = "<group>"; };
		FD79BAE31C1BC45A00266A5A /* UserVerse.swift */ = {isa = PBXFileReference; fileEncoding = 4; lastKnownFileType = sourcecode.swift; path = UserVerse.swift; sourceTree = "<group>"; };
		FD79BAE41C1BC45A00266A5A /* UserPassage+CoreDataProperties.swift */ = {isa = PBXFileReference; fileEncoding = 4; lastKnownFileType = sourcecode.swift; path = "UserPassage+CoreDataProperties.swift"; sourceTree = "<group>"; };
		FD79BAE81C1BC4B600266A5A /* UserPassage.swift */ = {isa = PBXFileReference; fileEncoding = 4; lastKnownFileType = sourcecode.swift; path = UserPassage.swift; sourceTree = "<group>"; };
		FD8180FD1C0A3ACD008AF2BA /* HeartversesStore.swift */ = {isa = PBXFileReference; fileEncoding = 4; lastKnownFileType = sourcecode.swift; path = HeartversesStore.swift; sourceTree = "<group>"; };
		FD960EE41C17C7790007A096 /* SwiftyJSON.swift */ = {isa = PBXFileReference; fileEncoding = 4; lastKnownFileType = sourcecode.swift; path = SwiftyJSON.swift; sourceTree = "<group>"; };
		FD960EE61C17C9790007A096 /* PassageParser.swift */ = {isa = PBXFileReference; fileEncoding = 4; lastKnownFileType = sourcecode.swift; path = PassageParser.swift; sourceTree = "<group>"; };
		FD960EE81C17CEFE0007A096 /* Passage.swift */ = {isa = PBXFileReference; fileEncoding = 4; lastKnownFileType = sourcecode.swift; path = Passage.swift; sourceTree = "<group>"; };
		FDAFD8FA1C2C585A002F4FF5 /* PassageCell.swift */ = {isa = PBXFileReference; fileEncoding = 4; lastKnownFileType = sourcecode.swift; path = PassageCell.swift; sourceTree = "<group>"; };
		FDAFD8FD1C2DAB1C002F4FF5 /* VerseHelper.swift */ = {isa = PBXFileReference; fileEncoding = 4; lastKnownFileType = sourcecode.swift; path = VerseHelper.swift; sourceTree = "<group>"; };
		FDB61B891BF533D800F8C61D /* Verses.app */ = {isa = PBXFileReference; explicitFileType = wrapper.application; includeInIndex = 0; path = Verses.app; sourceTree = BUILT_PRODUCTS_DIR; };
		FDB61B8C1BF533D800F8C61D /* AppDelegate.swift */ = {isa = PBXFileReference; lastKnownFileType = sourcecode.swift; path = AppDelegate.swift; sourceTree = "<group>"; };
		FDB61B8E1BF533D800F8C61D /* VersePracticeController.swift */ = {isa = PBXFileReference; lastKnownFileType = sourcecode.swift; path = VersePracticeController.swift; sourceTree = "<group>"; };
		FDB61B911BF533D800F8C61D /* Base */ = {isa = PBXFileReference; lastKnownFileType = file.storyboard; name = Base; path = Base.lproj/Main.storyboard; sourceTree = "<group>"; };
		FDB61B941BF533D800F8C61D /* Verses.xcdatamodel */ = {isa = PBXFileReference; lastKnownFileType = wrapper.xcdatamodel; path = Verses.xcdatamodel; sourceTree = "<group>"; };
		FDB61B961BF533D800F8C61D /* Assets.xcassets */ = {isa = PBXFileReference; lastKnownFileType = folder.assetcatalog; path = Assets.xcassets; sourceTree = "<group>"; };
		FDB61B9B1BF533D800F8C61D /* Info.plist */ = {isa = PBXFileReference; lastKnownFileType = text.plist.xml; path = Info.plist; sourceTree = "<group>"; };
		FDB61BA01BF533D800F8C61D /* VersesTests.xctest */ = {isa = PBXFileReference; explicitFileType = wrapper.cfbundle; includeInIndex = 0; path = VersesTests.xctest; sourceTree = BUILT_PRODUCTS_DIR; };
		FDB61BA41BF533D800F8C61D /* VersesTests.swift */ = {isa = PBXFileReference; lastKnownFileType = sourcecode.swift; path = VersesTests.swift; sourceTree = "<group>"; };
		FDB61BA61BF533D800F8C61D /* Info.plist */ = {isa = PBXFileReference; lastKnownFileType = text.plist.xml; path = Info.plist; sourceTree = "<group>"; };
		FDB61BAB1BF533D800F8C61D /* VersesUITests.xctest */ = {isa = PBXFileReference; explicitFileType = wrapper.cfbundle; includeInIndex = 0; path = VersesUITests.xctest; sourceTree = BUILT_PRODUCTS_DIR; };
		FDB61BAF1BF533D800F8C61D /* VersesUITests.swift */ = {isa = PBXFileReference; lastKnownFileType = sourcecode.swift; path = VersesUITests.swift; sourceTree = "<group>"; };
		FDB61BB11BF533D800F8C61D /* Info.plist */ = {isa = PBXFileReference; lastKnownFileType = text.plist.xml; path = Info.plist; sourceTree = "<group>"; };
		FDB61BBD1BF5410000F8C61D /* VersesIndexController.swift */ = {isa = PBXFileReference; fileEncoding = 4; lastKnownFileType = sourcecode.swift; path = VersesIndexController.swift; sourceTree = "<group>"; };
		FDB61BBF1BF5457E00F8C61D /* AddVerseController.swift */ = {isa = PBXFileReference; fileEncoding = 4; lastKnownFileType = sourcecode.swift; path = AddVerseController.swift; sourceTree = "<group>"; };
		FDCEE2111C45B3FB00792D8B /* PracticeViewConstraintsHelperTests.swift */ = {isa = PBXFileReference; fileEncoding = 4; lastKnownFileType = sourcecode.swift; path = PracticeViewConstraintsHelperTests.swift; sourceTree = "<group>"; };
		FDD3BC2D1C16251A00616976 /* Heartverses.sqlite */ = {isa = PBXFileReference; lastKnownFileType = file; path = Heartverses.sqlite; sourceTree = "<group>"; };
		FDD3BC2F1C16263B00616976 /* HeartversesAPI.swift */ = {isa = PBXFileReference; fileEncoding = 4; lastKnownFileType = sourcecode.swift; path = HeartversesAPI.swift; sourceTree = "<group>"; };
		FDDF4EC41C459EEC00B2A831 /* PracticeViewConstraintsHelper.swift */ = {isa = PBXFileReference; fileEncoding = 4; lastKnownFileType = sourcecode.swift; path = PracticeViewConstraintsHelper.swift; sourceTree = "<group>"; };
/* End PBXFileReference section */

/* Begin PBXFrameworksBuildPhase section */
		FD0D0F2B1C0A387400EAF02A /* Frameworks */ = {
			isa = PBXFrameworksBuildPhase;
			buildActionMask = 2147483647;
			files = (
			);
			runOnlyForDeploymentPostprocessing = 0;
		};
		FDB61B861BF533D800F8C61D /* Frameworks */ = {
			isa = PBXFrameworksBuildPhase;
			buildActionMask = 2147483647;
			files = (
			);
			runOnlyForDeploymentPostprocessing = 0;
		};
		FDB61B9D1BF533D800F8C61D /* Frameworks */ = {
			isa = PBXFrameworksBuildPhase;
			buildActionMask = 2147483647;
			files = (
			);
			runOnlyForDeploymentPostprocessing = 0;
		};
		FDB61BA81BF533D800F8C61D /* Frameworks */ = {
			isa = PBXFrameworksBuildPhase;
			buildActionMask = 2147483647;
			files = (
			);
			runOnlyForDeploymentPostprocessing = 0;
		};
/* End PBXFrameworksBuildPhase section */

/* Begin PBXGroup section */
		FD0D0F2F1C0A387400EAF02A /* VersesSeed */ = {
			isa = PBXGroup;
			children = (
				FD960EE41C17C7790007A096 /* SwiftyJSON.swift */,
				FD0D0F301C0A387400EAF02A /* main.swift */,
			);
			path = VersesSeed;
			sourceTree = "<group>";
		};
		FDB61B801BF533D800F8C61D = {
			isa = PBXGroup;
			children = (
				FD0EFD8B1C55756900BC83A6 /* Settings.bundle */,
				FDB61B8B1BF533D800F8C61D /* Verses */,
				FDB61BA31BF533D800F8C61D /* VersesTests */,
				FDB61BAE1BF533D800F8C61D /* VersesUITests */,
				FD0D0F2F1C0A387400EAF02A /* VersesSeed */,
				FDB61B8A1BF533D800F8C61D /* Products */,
			);
			sourceTree = "<group>";
		};
		FDB61B8A1BF533D800F8C61D /* Products */ = {
			isa = PBXGroup;
			children = (
				FDB61B891BF533D800F8C61D /* Verses.app */,
				FDB61BA01BF533D800F8C61D /* VersesTests.xctest */,
				FDB61BAB1BF533D800F8C61D /* VersesUITests.xctest */,
				FD0D0F2E1C0A387400EAF02A /* VersesSeed */,
			);
			name = Products;
			sourceTree = "<group>";
		};
		FDB61B8B1BF533D800F8C61D /* Verses */ = {
			isa = PBXGroup;
			children = (
				FDD3BC2D1C16251A00616976 /* Heartverses.sqlite */,
				FD0EFD871C52E21C00BC83A6 /* Heartverses.sqlite-shm */,
				FD0EFD881C52E21C00BC83A6 /* Heartverses.sqlite-wal */,
				FDB61B8C1BF533D800F8C61D /* AppDelegate.swift */,
				FD0EFD8D1C56BC3300BC83A6 /* IntroductionViewController.swift */,
				FDB61B8E1BF533D800F8C61D /* VersePracticeController.swift */,
				FDB61BBD1BF5410000F8C61D /* VersesIndexController.swift */,
				FDB61BBF1BF5457E00F8C61D /* AddVerseController.swift */,
				FDAFD8FD1C2DAB1C002F4FF5 /* VerseHelper.swift */,
				FDDF4EC41C459EEC00B2A831 /* PracticeViewConstraintsHelper.swift */,
				FDB61B901BF533D800F8C61D /* Main.storyboard */,
				FDB61B961BF533D800F8C61D /* Assets.xcassets */,
				FDB61B9B1BF533D800F8C61D /* Info.plist */,
				FD8180FD1C0A3ACD008AF2BA /* HeartversesStore.swift */,
				FD0D0F1E1C0A31BC00EAF02A /* Heartverses.xcdatamodeld */,
				FDB61B931BF533D800F8C61D /* Verses.xcdatamodeld */,
				FDD3BC2F1C16263B00616976 /* HeartversesAPI.swift */,
				FD960EE61C17C9790007A096 /* PassageParser.swift */,
				FD960EE81C17CEFE0007A096 /* Passage.swift */,
				FD79BAE21C1BC45A00266A5A /* UserVerse+CoreDataProperties.swift */,
				FD79BAE31C1BC45A00266A5A /* UserVerse.swift */,
				FD79BAE41C1BC45A00266A5A /* UserPassage+CoreDataProperties.swift */,
				FD79BAE81C1BC4B600266A5A /* UserPassage.swift */,
				FDAFD8FA1C2C585A002F4FF5 /* PassageCell.swift */,
			);
			path = Verses;
			sourceTree = "<group>";
		};
		FDB61BA31BF533D800F8C61D /* VersesTests */ = {
			isa = PBXGroup;
			children = (
				FDB61BA41BF533D800F8C61D /* VersesTests.swift */,
				FDB61BA61BF533D800F8C61D /* Info.plist */,
				FDCEE2111C45B3FB00792D8B /* PracticeViewConstraintsHelperTests.swift */,
			);
			path = VersesTests;
			sourceTree = "<group>";
		};
		FDB61BAE1BF533D800F8C61D /* VersesUITests */ = {
			isa = PBXGroup;
			children = (
				FDB61BAF1BF533D800F8C61D /* VersesUITests.swift */,
				FDB61BB11BF533D800F8C61D /* Info.plist */,
			);
			path = VersesUITests;
			sourceTree = "<group>";
		};
/* End PBXGroup section */

/* Begin PBXNativeTarget section */
		FD0D0F2D1C0A387400EAF02A /* VersesSeed */ = {
			isa = PBXNativeTarget;
			buildConfigurationList = FD0D0F321C0A387400EAF02A /* Build configuration list for PBXNativeTarget "VersesSeed" */;
			buildPhases = (
				FD0D0F2A1C0A387400EAF02A /* Sources */,
				FD0D0F2B1C0A387400EAF02A /* Frameworks */,
				FD0D0F2C1C0A387400EAF02A /* CopyFiles */,
			);
			buildRules = (
			);
			dependencies = (
			);
			name = VersesSeed;
			productName = "verses-seed";
			productReference = FD0D0F2E1C0A387400EAF02A /* VersesSeed */;
			productType = "com.apple.product-type.tool";
		};
		FDB61B881BF533D800F8C61D /* Verses */ = {
			isa = PBXNativeTarget;
			buildConfigurationList = FDB61BB41BF533D800F8C61D /* Build configuration list for PBXNativeTarget "Verses" */;
			buildPhases = (
				FDB61B851BF533D800F8C61D /* Sources */,
				FDB61B861BF533D800F8C61D /* Frameworks */,
				FDB61B871BF533D800F8C61D /* Resources */,
			);
			buildRules = (
			);
			dependencies = (
			);
			name = Verses;
			productName = Verses;
			productReference = FDB61B891BF533D800F8C61D /* Verses.app */;
			productType = "com.apple.product-type.application";
		};
		FDB61B9F1BF533D800F8C61D /* VersesTests */ = {
			isa = PBXNativeTarget;
			buildConfigurationList = FDB61BB71BF533D800F8C61D /* Build configuration list for PBXNativeTarget "VersesTests" */;
			buildPhases = (
				FDB61B9C1BF533D800F8C61D /* Sources */,
				FDB61B9D1BF533D800F8C61D /* Frameworks */,
				FDB61B9E1BF533D800F8C61D /* Resources */,
			);
			buildRules = (
			);
			dependencies = (
				FDB61BA21BF533D800F8C61D /* PBXTargetDependency */,
			);
			name = VersesTests;
			productName = VersesTests;
			productReference = FDB61BA01BF533D800F8C61D /* VersesTests.xctest */;
			productType = "com.apple.product-type.bundle.unit-test";
		};
		FDB61BAA1BF533D800F8C61D /* VersesUITests */ = {
			isa = PBXNativeTarget;
			buildConfigurationList = FDB61BBA1BF533D800F8C61D /* Build configuration list for PBXNativeTarget "VersesUITests" */;
			buildPhases = (
				FDB61BA71BF533D800F8C61D /* Sources */,
				FDB61BA81BF533D800F8C61D /* Frameworks */,
				FDB61BA91BF533D800F8C61D /* Resources */,
			);
			buildRules = (
			);
			dependencies = (
				FDB61BAD1BF533D800F8C61D /* PBXTargetDependency */,
			);
			name = VersesUITests;
			productName = VersesUITests;
			productReference = FDB61BAB1BF533D800F8C61D /* VersesUITests.xctest */;
			productType = "com.apple.product-type.bundle.ui-testing";
		};
/* End PBXNativeTarget section */

/* Begin PBXProject section */
		FDB61B811BF533D800F8C61D /* Project object */ = {
			isa = PBXProject;
			attributes = {
				LastSwiftUpdateCheck = 0710;
				LastUpgradeCheck = 0710;
				ORGANIZATIONNAME = "The Williams Family";
				TargetAttributes = {
					FD0D0F2D1C0A387400EAF02A = {
						CreatedOnToolsVersion = 7.1.1;
					};
					FDB61B881BF533D800F8C61D = {
						CreatedOnToolsVersion = 7.1.1;
						DevelopmentTeam = C8DJ6DMT5A;
					};
					FDB61B9F1BF533D800F8C61D = {
						CreatedOnToolsVersion = 7.1.1;
						TestTargetID = FDB61B881BF533D800F8C61D;
					};
					FDB61BAA1BF533D800F8C61D = {
						CreatedOnToolsVersion = 7.1.1;
						TestTargetID = FDB61B881BF533D800F8C61D;
					};
				};
			};
			buildConfigurationList = FDB61B841BF533D800F8C61D /* Build configuration list for PBXProject "Verses" */;
			compatibilityVersion = "Xcode 3.2";
			developmentRegion = English;
			hasScannedForEncodings = 0;
			knownRegions = (
				en,
				Base,
			);
			mainGroup = FDB61B801BF533D800F8C61D;
			productRefGroup = FDB61B8A1BF533D800F8C61D /* Products */;
			projectDirPath = "";
			projectRoot = "";
			targets = (
				FDB61B881BF533D800F8C61D /* Verses */,
				FDB61B9F1BF533D800F8C61D /* VersesTests */,
				FDB61BAA1BF533D800F8C61D /* VersesUITests */,
				FD0D0F2D1C0A387400EAF02A /* VersesSeed */,
			);
		};
/* End PBXProject section */

/* Begin PBXResourcesBuildPhase section */
		FDB61B871BF533D800F8C61D /* Resources */ = {
			isa = PBXResourcesBuildPhase;
			buildActionMask = 2147483647;
			files = (
				FDC7AE351C1F826200C5BDAC /* Heartverses.sqlite in Resources */,
				FDB61B971BF533D800F8C61D /* Assets.xcassets in Resources */,
				FDB61B921BF533D800F8C61D /* Main.storyboard in Resources */,
				FD0EFD891C52E21C00BC83A6 /* Heartverses.sqlite-shm in Resources */,
				FD0EFD8C1C55756900BC83A6 /* Settings.bundle in Resources */,
				FD0EFD8A1C52E21C00BC83A6 /* Heartverses.sqlite-wal in Resources */,
			);
			runOnlyForDeploymentPostprocessing = 0;
		};
		FDB61B9E1BF533D800F8C61D /* Resources */ = {
			isa = PBXResourcesBuildPhase;
			buildActionMask = 2147483647;
			files = (
			);
			runOnlyForDeploymentPostprocessing = 0;
		};
		FDB61BA91BF533D800F8C61D /* Resources */ = {
			isa = PBXResourcesBuildPhase;
			buildActionMask = 2147483647;
			files = (
			);
			runOnlyForDeploymentPostprocessing = 0;
		};
/* End PBXResourcesBuildPhase section */

/* Begin PBXSourcesBuildPhase section */
		FD0D0F2A1C0A387400EAF02A /* Sources */ = {
			isa = PBXSourcesBuildPhase;
			buildActionMask = 2147483647;
			files = (
				FD8181001C0A3D43008AF2BA /* Heartverses.xcdatamodeld in Sources */,
				FD8180FF1C0A3ACD008AF2BA /* HeartversesStore.swift in Sources */,
				FD0D0F311C0A387400EAF02A /* main.swift in Sources */,
				FD960EE51C17C7790007A096 /* SwiftyJSON.swift in Sources */,
			);
			runOnlyForDeploymentPostprocessing = 0;
		};
		FDB61B851BF533D800F8C61D /* Sources */ = {
			isa = PBXSourcesBuildPhase;
			buildActionMask = 2147483647;
			files = (
				FD960EE91C17CEFE0007A096 /* Passage.swift in Sources */,
				FD79BAE51C1BC45A00266A5A /* UserVerse+CoreDataProperties.swift in Sources */,
				FDB61B8F1BF533D800F8C61D /* VersePracticeController.swift in Sources */,
				FD79BAE61C1BC45A00266A5A /* UserVerse.swift in Sources */,
				FD0EFD8E1C56BC3300BC83A6 /* IntroductionViewController.swift in Sources */,
				FDB61BC01BF5457E00F8C61D /* AddVerseController.swift in Sources */,
				FDAFD8FE1C2DAB1C002F4FF5 /* VerseHelper.swift in Sources */,
				FDDF4EC51C459EEC00B2A831 /* PracticeViewConstraintsHelper.swift in Sources */,
				FD79BAE91C1BC4B600266A5A /* UserPassage.swift in Sources */,
				FD960EE71C17C9790007A096 /* PassageParser.swift in Sources */,
				FDAFD8FB1C2C585A002F4FF5 /* PassageCell.swift in Sources */,
				FDB61B951BF533D800F8C61D /* Verses.xcdatamodeld in Sources */,
				FD0D0F201C0A31BC00EAF02A /* Heartverses.xcdatamodeld in Sources */,
				FDB61BBE1BF5410000F8C61D /* VersesIndexController.swift in Sources */,
				FDD3BC301C16263B00616976 /* HeartversesAPI.swift in Sources */,
				FD8180FE1C0A3ACD008AF2BA /* HeartversesStore.swift in Sources */,
				FD79BAE71C1BC45A00266A5A /* UserPassage+CoreDataProperties.swift in Sources */,
				FDB61B8D1BF533D800F8C61D /* AppDelegate.swift in Sources */,
			);
			runOnlyForDeploymentPostprocessing = 0;
		};
		FDB61B9C1BF533D800F8C61D /* Sources */ = {
			isa = PBXSourcesBuildPhase;
			buildActionMask = 2147483647;
			files = (
				FDCEE2121C45B3FB00792D8B /* PracticeViewConstraintsHelperTests.swift in Sources */,
				FDB61BA51BF533D800F8C61D /* VersesTests.swift in Sources */,
			);
			runOnlyForDeploymentPostprocessing = 0;
		};
		FDB61BA71BF533D800F8C61D /* Sources */ = {
			isa = PBXSourcesBuildPhase;
			buildActionMask = 2147483647;
			files = (
				FDB61BB01BF533D800F8C61D /* VersesUITests.swift in Sources */,
			);
			runOnlyForDeploymentPostprocessing = 0;
		};
/* End PBXSourcesBuildPhase section */

/* Begin PBXTargetDependency section */
		FDB61BA21BF533D800F8C61D /* PBXTargetDependency */ = {
			isa = PBXTargetDependency;
			target = FDB61B881BF533D800F8C61D /* Verses */;
			targetProxy = FDB61BA11BF533D800F8C61D /* PBXContainerItemProxy */;
		};
		FDB61BAD1BF533D800F8C61D /* PBXTargetDependency */ = {
			isa = PBXTargetDependency;
			target = FDB61B881BF533D800F8C61D /* Verses */;
			targetProxy = FDB61BAC1BF533D800F8C61D /* PBXContainerItemProxy */;
		};
/* End PBXTargetDependency section */

/* Begin PBXVariantGroup section */
		FDB61B901BF533D800F8C61D /* Main.storyboard */ = {
			isa = PBXVariantGroup;
			children = (
				FDB61B911BF533D800F8C61D /* Base */,
			);
			name = Main.storyboard;
			sourceTree = "<group>";
		};
/* End PBXVariantGroup section */

/* Begin XCBuildConfiguration section */
		FD0D0F331C0A387400EAF02A /* Debug */ = {
			isa = XCBuildConfiguration;
			buildSettings = {
				CODE_SIGN_IDENTITY = "-";
				MACOSX_DEPLOYMENT_TARGET = 10.11;
				PRODUCT_NAME = "$(TARGET_NAME)";
				SDKROOT = macosx;
			};
			name = Debug;
		};
		FD0D0F341C0A387400EAF02A /* Release */ = {
			isa = XCBuildConfiguration;
			buildSettings = {
				CODE_SIGN_IDENTITY = "-";
				MACOSX_DEPLOYMENT_TARGET = 10.11;
				PRODUCT_NAME = "$(TARGET_NAME)";
				SDKROOT = macosx;
			};
			name = Release;
		};
		FDB61BB21BF533D800F8C61D /* Debug */ = {
			isa = XCBuildConfiguration;
			buildSettings = {
				ALWAYS_SEARCH_USER_PATHS = NO;
				CLANG_CXX_LANGUAGE_STANDARD = "gnu++0x";
				CLANG_CXX_LIBRARY = "libc++";
				CLANG_ENABLE_MODULES = YES;
				CLANG_ENABLE_OBJC_ARC = YES;
				CLANG_WARN_BOOL_CONVERSION = YES;
				CLANG_WARN_CONSTANT_CONVERSION = YES;
				CLANG_WARN_DIRECT_OBJC_ISA_USAGE = YES_ERROR;
				CLANG_WARN_EMPTY_BODY = YES;
				CLANG_WARN_ENUM_CONVERSION = YES;
				CLANG_WARN_INT_CONVERSION = YES;
				CLANG_WARN_OBJC_ROOT_CLASS = YES_ERROR;
				CLANG_WARN_UNREACHABLE_CODE = YES;
				CLANG_WARN__DUPLICATE_METHOD_MATCH = YES;
				"CODE_SIGN_IDENTITY[sdk=iphoneos*]" = "iPhone Developer";
				COPY_PHASE_STRIP = NO;
				DEBUG_INFORMATION_FORMAT = dwarf;
				ENABLE_STRICT_OBJC_MSGSEND = YES;
				ENABLE_TESTABILITY = YES;
				GCC_C_LANGUAGE_STANDARD = gnu99;
				GCC_DYNAMIC_NO_PIC = NO;
				GCC_NO_COMMON_BLOCKS = YES;
				GCC_OPTIMIZATION_LEVEL = 0;
				GCC_PREPROCESSOR_DEFINITIONS = (
					"DEBUG=1",
					"$(inherited)",
				);
				GCC_WARN_64_TO_32_BIT_CONVERSION = YES;
				GCC_WARN_ABOUT_RETURN_TYPE = YES_ERROR;
				GCC_WARN_UNDECLARED_SELECTOR = YES;
				GCC_WARN_UNINITIALIZED_AUTOS = YES_AGGRESSIVE;
				GCC_WARN_UNUSED_FUNCTION = YES;
				GCC_WARN_UNUSED_VARIABLE = YES;
				IPHONEOS_DEPLOYMENT_TARGET = 9.1;
				MTL_ENABLE_DEBUG_INFO = YES;
				ONLY_ACTIVE_ARCH = YES;
				SDKROOT = iphoneos;
				SWIFT_OPTIMIZATION_LEVEL = "-Onone";
			};
			name = Debug;
		};
		FDB61BB31BF533D800F8C61D /* Release */ = {
			isa = XCBuildConfiguration;
			buildSettings = {
				ALWAYS_SEARCH_USER_PATHS = NO;
				CLANG_CXX_LANGUAGE_STANDARD = "gnu++0x";
				CLANG_CXX_LIBRARY = "libc++";
				CLANG_ENABLE_MODULES = YES;
				CLANG_ENABLE_OBJC_ARC = YES;
				CLANG_WARN_BOOL_CONVERSION = YES;
				CLANG_WARN_CONSTANT_CONVERSION = YES;
				CLANG_WARN_DIRECT_OBJC_ISA_USAGE = YES_ERROR;
				CLANG_WARN_EMPTY_BODY = YES;
				CLANG_WARN_ENUM_CONVERSION = YES;
				CLANG_WARN_INT_CONVERSION = YES;
				CLANG_WARN_OBJC_ROOT_CLASS = YES_ERROR;
				CLANG_WARN_UNREACHABLE_CODE = YES;
				CLANG_WARN__DUPLICATE_METHOD_MATCH = YES;
				"CODE_SIGN_IDENTITY[sdk=iphoneos*]" = "iPhone Developer";
				COPY_PHASE_STRIP = NO;
				DEBUG_INFORMATION_FORMAT = "dwarf-with-dsym";
				ENABLE_NS_ASSERTIONS = NO;
				ENABLE_STRICT_OBJC_MSGSEND = YES;
				GCC_C_LANGUAGE_STANDARD = gnu99;
				GCC_NO_COMMON_BLOCKS = YES;
				GCC_WARN_64_TO_32_BIT_CONVERSION = YES;
				GCC_WARN_ABOUT_RETURN_TYPE = YES_ERROR;
				GCC_WARN_UNDECLARED_SELECTOR = YES;
				GCC_WARN_UNINITIALIZED_AUTOS = YES_AGGRESSIVE;
				GCC_WARN_UNUSED_FUNCTION = YES;
				GCC_WARN_UNUSED_VARIABLE = YES;
				IPHONEOS_DEPLOYMENT_TARGET = 9.1;
				MTL_ENABLE_DEBUG_INFO = NO;
				SDKROOT = iphoneos;
				VALIDATE_PRODUCT = YES;
			};
			name = Release;
		};
		FDB61BB51BF533D800F8C61D /* Debug */ = {
			isa = XCBuildConfiguration;
			buildSettings = {
				ASSETCATALOG_COMPILER_APPICON_NAME = AppIcon;
				ASSETCATALOG_COMPILER_LAUNCHIMAGE_NAME = LaunchImage;
				CODE_SIGN_IDENTITY = "iPhone Developer";
				"CODE_SIGN_IDENTITY[sdk=iphoneos*]" = "iPhone Developer";
				INFOPLIST_FILE = Verses/Info.plist;
				LD_RUNPATH_SEARCH_PATHS = "$(inherited) @executable_path/Frameworks";
				PRODUCT_BUNDLE_IDENTIFIER = com.heartverses.ios;
				PRODUCT_NAME = "$(TARGET_NAME)";
				PROVISIONING_PROFILE = "";
			};
			name = Debug;
		};
		FDB61BB61BF533D800F8C61D /* Release */ = {
			isa = XCBuildConfiguration;
			buildSettings = {
				ASSETCATALOG_COMPILER_APPICON_NAME = AppIcon;
				ASSETCATALOG_COMPILER_LAUNCHIMAGE_NAME = LaunchImage;
				CODE_SIGN_IDENTITY = "iPhone Developer";
				"CODE_SIGN_IDENTITY[sdk=iphoneos*]" = "iPhone Developer";
				INFOPLIST_FILE = Verses/Info.plist;
				LD_RUNPATH_SEARCH_PATHS = "$(inherited) @executable_path/Frameworks";
				PRODUCT_BUNDLE_IDENTIFIER = com.heartverses.ios;
				PRODUCT_NAME = "$(TARGET_NAME)";
				PROVISIONING_PROFILE = "";
			};
			name = Release;
		};
		FDB61BB81BF533D800F8C61D /* Debug */ = {
			isa = XCBuildConfiguration;
			buildSettings = {
				BUNDLE_LOADER = "$(TEST_HOST)";
				INFOPLIST_FILE = VersesTests/Info.plist;
				LD_RUNPATH_SEARCH_PATHS = "$(inherited) @executable_path/Frameworks @loader_path/Frameworks";
				PRODUCT_BUNDLE_IDENTIFIER = ws.thewilliams.VersesTests;
				PRODUCT_NAME = "$(TARGET_NAME)";
				TEST_HOST = "$(BUILT_PRODUCTS_DIR)/Verses.app/Verses";
			};
			name = Debug;
		};
		FDB61BB91BF533D800F8C61D /* Release */ = {
			isa = XCBuildConfiguration;
			buildSettings = {
				BUNDLE_LOADER = "$(TEST_HOST)";
				INFOPLIST_FILE = VersesTests/Info.plist;
				LD_RUNPATH_SEARCH_PATHS = "$(inherited) @executable_path/Frameworks @loader_path/Frameworks";
				PRODUCT_BUNDLE_IDENTIFIER = ws.thewilliams.VersesTests;
				PRODUCT_NAME = "$(TARGET_NAME)";
				TEST_HOST = "$(BUILT_PRODUCTS_DIR)/Verses.app/Verses";
			};
			name = Release;
		};
		FDB61BBB1BF533D800F8C61D /* Debug */ = {
			isa = XCBuildConfiguration;
			buildSettings = {
				INFOPLIST_FILE = VersesUITests/Info.plist;
				LD_RUNPATH_SEARCH_PATHS = "$(inherited) @executable_path/Frameworks @loader_path/Frameworks";
				PRODUCT_BUNDLE_IDENTIFIER = ws.thewilliams.VersesUITests;
				PRODUCT_NAME = "$(TARGET_NAME)";
				TEST_TARGET_NAME = Verses;
				USES_XCTRUNNER = YES;
			};
			name = Debug;
		};
		FDB61BBC1BF533D800F8C61D /* Release */ = {
			isa = XCBuildConfiguration;
			buildSettings = {
				INFOPLIST_FILE = VersesUITests/Info.plist;
				LD_RUNPATH_SEARCH_PATHS = "$(inherited) @executable_path/Frameworks @loader_path/Frameworks";
				PRODUCT_BUNDLE_IDENTIFIER = ws.thewilliams.VersesUITests;
				PRODUCT_NAME = "$(TARGET_NAME)";
				TEST_TARGET_NAME = Verses;
				USES_XCTRUNNER = YES;
			};
			name = Release;
		};
/* End XCBuildConfiguration section */

/* Begin XCConfigurationList section */
		FD0D0F321C0A387400EAF02A /* Build configuration list for PBXNativeTarget "VersesSeed" */ = {
			isa = XCConfigurationList;
			buildConfigurations = (
				FD0D0F331C0A387400EAF02A /* Debug */,
				FD0D0F341C0A387400EAF02A /* Release */,
			);
			defaultConfigurationIsVisible = 0;
			defaultConfigurationName = Release;
		};
		FDB61B841BF533D800F8C61D /* Build configuration list for PBXProject "Verses" */ = {
			isa = XCConfigurationList;
			buildConfigurations = (
				FDB61BB21BF533D800F8C61D /* Debug */,
				FDB61BB31BF533D800F8C61D /* Release */,
			);
			defaultConfigurationIsVisible = 0;
			defaultConfigurationName = Release;
		};
		FDB61BB41BF533D800F8C61D /* Build configuration list for PBXNativeTarget "Verses" */ = {
			isa = XCConfigurationList;
			buildConfigurations = (
				FDB61BB51BF533D800F8C61D /* Debug */,
				FDB61BB61BF533D800F8C61D /* Release */,
			);
			defaultConfigurationIsVisible = 0;
			defaultConfigurationName = Release;
		};
		FDB61BB71BF533D800F8C61D /* Build configuration list for PBXNativeTarget "VersesTests" */ = {
			isa = XCConfigurationList;
			buildConfigurations = (
				FDB61BB81BF533D800F8C61D /* Debug */,
				FDB61BB91BF533D800F8C61D /* Release */,
			);
			defaultConfigurationIsVisible = 0;
			defaultConfigurationName = Release;
		};
		FDB61BBA1BF533D800F8C61D /* Build configuration list for PBXNativeTarget "VersesUITests" */ = {
			isa = XCConfigurationList;
			buildConfigurations = (
				FDB61BBB1BF533D800F8C61D /* Debug */,
				FDB61BBC1BF533D800F8C61D /* Release */,
			);
			defaultConfigurationIsVisible = 0;
			defaultConfigurationName = Release;
		};
/* End XCConfigurationList section */

/* Begin XCVersionGroup section */
		FD0D0F1E1C0A31BC00EAF02A /* Heartverses.xcdatamodeld */ = {
			isa = XCVersionGroup;
			children = (
				FD0D0F1F1C0A31BC00EAF02A /* Heartverses.xcdatamodel */,
			);
			currentVersion = FD0D0F1F1C0A31BC00EAF02A /* Heartverses.xcdatamodel */;
			path = Heartverses.xcdatamodeld;
			sourceTree = "<group>";
			versionGroupType = wrapper.xcdatamodel;
		};
		FDB61B931BF533D800F8C61D /* Verses.xcdatamodeld */ = {
			isa = XCVersionGroup;
			children = (
				FDB61B941BF533D800F8C61D /* Verses.xcdatamodel */,
			);
			currentVersion = FDB61B941BF533D800F8C61D /* Verses.xcdatamodel */;
			path = Verses.xcdatamodeld;
			sourceTree = "<group>";
			versionGroupType = wrapper.xcdatamodel;
		};
/* End XCVersionGroup section */
	};
	rootObject = FDB61B811BF533D800F8C61D /* Project object */;
}
